
Microsoft Visual Studio Solution File, Format Version 12.00
# Visual Studio 15
VisualStudioVersion = 15.0.28010.2046
MinimumVisualStudioVersion = 10.0.40219.1
Project("{FAE04EC0-301F-11D3-BF4B-00C04F79EFBC}") = "RentaPeliculas", "RentaPeliculas\RentaPeliculas.csproj", "{50BC3ED6-26F0-424D-B858-327F8C25A4E3}"
EndProject
Project("{FAE04EC0-301F-11D3-BF4B-00C04F79EFBC}") = "RentaPeliculas.Tests", "RentaPeliculas.Tests\RentaPeliculas.Tests.csproj", "{1BD54CFE-D5A4-4BA2-81B9-118DE12AD923}"
EndProject
Global
	GlobalSection(SolutionConfigurationPlatforms) = preSolution
		Debug|Any CPU = Debug|Any CPU
		Release|Any CPU = Release|Any CPU
	EndGlobalSection
	GlobalSection(ProjectConfigurationPlatforms) = postSolution
		{50BC3ED6-26F0-424D-B858-327F8C25A4E3}.Debug|Any CPU.ActiveCfg = Debug|Any CPU
		{50BC3ED6-26F0-424D-B858-327F8C25A4E3}.Debug|Any CPU.Build.0 = Debug|Any CPU
		{50BC3ED6-26F0-424D-B858-327F8C25A4E3}.Release|Any CPU.ActiveCfg = Release|Any CPU
		{50BC3ED6-26F0-424D-B858-327F8C25A4E3}.Release|Any CPU.Build.0 = Release|Any CPU
		{1BD54CFE-D5A4-4BA2-81B9-118DE12AD923}.Debug|Any CPU.ActiveCfg = Debug|Any CPU
		{1BD54CFE-D5A4-4BA2-81B9-118DE12AD923}.Debug|Any CPU.Build.0 = Debug|Any CPU
		{1BD54CFE-D5A4-4BA2-81B9-118DE12AD923}.Release|Any CPU.ActiveCfg = Release|Any CPU
		{1BD54CFE-D5A4-4BA2-81B9-118DE12AD923}.Release|Any CPU.Build.0 = Release|Any CPU
	EndGlobalSection
	GlobalSection(SolutionProperties) = preSolution
		HideSolutionNode = FALSE
	EndGlobalSection
	GlobalSection(ExtensibilityGlobals) = postSolution
		SolutionGuid = {209690E1-1BEB-4BCC-A586-A27A354B0FAB}
	EndGlobalSection
EndGlobal
